
Microsoft Visual Studio Solution File, Format Version 12.00
# Visual Studio Version 17
VisualStudioVersion = 17.9.34622.214
MinimumVisualStudioVersion = 10.0.40219.1
Project("{FAE04EC0-301F-11D3-BF4B-00C04F79EFBC}") = "Blog Project", "Blog Project\Blog Project.csproj", "{AAB1463A-BB29-4EA0-8C91-7D38C2428EC0}"
EndProject
Global
	GlobalSection(SolutionConfigurationPlatforms) = preSolution
		Debug|Any CPU = Debug|Any CPU
		Release|Any CPU = Release|Any CPU
	EndGlobalSection
	GlobalSection(ProjectConfigurationPlatforms) = postSolution
		{AAB1463A-BB29-4EA0-8C91-7D38C2428EC0}.Debug|Any CPU.ActiveCfg = Debug|Any CPU
		{AAB1463A-BB29-4EA0-8C91-7D38C2428EC0}.Debug|Any CPU.Build.0 = Debug|Any CPU
		{AAB1463A-BB29-4EA0-8C91-7D38C2428EC0}.Release|Any CPU.ActiveCfg = Release|Any CPU
		{AAB1463A-BB29-4EA0-8C91-7D38C2428EC0}.Release|Any CPU.Build.0 = Release|Any CPU
	EndGlobalSection
	GlobalSection(SolutionProperties) = preSolution
		HideSolutionNode = FALSE
	EndGlobalSection
	GlobalSection(ExtensibilityGlobals) = postSolution
		SolutionGuid = {1A1B3D38-F38B-447D-B778-25DBD457F77D}
	EndGlobalSection
EndGlobal
